Microsoft Visual Studio Solution File, Format Version 12.00
# Visual Studio Version 17
VisualStudioVersion = 17.5.2.0
MinimumVisualStudioVersion = 10.0.40219.1
Project("{FAE04EC0-301F-11D3-BF4B-00C04F79EFBC}") = "IDF_Operation", "IDF_Operation.csproj", "{FEDACB52-FF3C-1A51-8524-7B502BE73928}"
EndProject
Global
	GlobalSection(SolutionConfigurationPlatforms) = preSolution
		Debug|Any CPU = Debug|Any CPU
		Release|Any CPU = Release|Any CPU
	EndGlobalSection
	GlobalSection(ProjectConfigurationPlatforms) = postSolution
		{FEDACB52-FF3C-1A51-8524-7B502BE73928}.Debug|Any CPU.ActiveCfg = Debug|Any CPU
		{FEDACB52-FF3C-1A51-8524-7B502BE73928}.Debug|Any CPU.Build.0 = Debug|Any CPU
		{FEDACB52-FF3C-1A51-8524-7B502BE73928}.Release|Any CPU.ActiveCfg = Release|Any CPU
		{FEDACB52-FF3C-1A51-8524-7B502BE73928}.Release|Any CPU.Build.0 = Release|Any CPU
	EndGlobalSection
	GlobalSection(SolutionProperties) = preSolution
		HideSolutionNode = FALSE
	EndGlobalSection
	GlobalSection(ExtensibilityGlobals) = postSolution
		SolutionGuid = {882FCD04-5E27-44AA-AD0F-866AC43E59A7}
	EndGlobalSection
EndGlobal
